{
  "nodes": {
    "nixpkgs": {
      "locked": {
        "lastModified": 1722766902,
        "narHash": "sha256-J/9NEFKFUCWotuK9Pl1lxrWUBlXbU090uKToM6EW5s8=",
        "owner": "NixOS",
        "repo": "nixpkgs",
        "rev": "05a5c059e048b06b9edfcfb67601fdf06fe7531d",
        "type": "github"
      },
      "original": {
        "owner": "NixOS",
        "repo": "nixpkgs",
        "type": "github"
      }
    },
    "root": {
      "inputs": {
        "nixpkgs": "nixpkgs"
      }
    }
  },
  "root": "root",
  "version": 7
}
